// !$*UTF8*$!
{
	archiveVersion = 1;
	classes = {
	};
	objectVersion = 50;
	objects = {

/* Begin PBXBuildFile section */
		4C8271722412745900937ADA /* AppDelegate.swift in Sources */ = {isa = PBXBuildFile; fileRef = 4C8271712412745900937ADA /* AppDelegate.swift */; };
		4C8271742412745900937ADA /* SceneDelegate.swift in Sources */ = {isa = PBXBuildFile; fileRef = 4C8271732412745900937ADA /* SceneDelegate.swift */; };
		4C8271762412745900937ADA /* ViewController.swift in Sources */ = {isa = PBXBuildFile; fileRef = 4C8271752412745900937ADA /* ViewController.swift */; };
		4C8271792412745900937ADA /* Main.storyboard in Resources */ = {isa = PBXBuildFile; fileRef = 4C8271772412745900937ADA /* Main.storyboard */; };
		4C82717B2412745B00937ADA /* Assets.xcassets in Resources */ = {isa = PBXBuildFile; fileRef = 4C82717A2412745B00937ADA /* Assets.xcassets */; };
		4C82717E2412745B00937ADA /* LaunchScreen.storyboard in Resources */ = {isa = PBXBuildFile; fileRef = 4C82717C2412745B00937ADA /* LaunchScreen.storyboard */; };
		4C8271892412745B00937ADA /* SensitiveInformationTests.swift in Sources */ = {isa = PBXBuildFile; fileRef = 4C8271882412745B00937ADA /* SensitiveInformationTests.swift */; };
		4C82719524127B6500937ADA /* UIView+Extensions.swift in Sources */ = {isa = PBXBuildFile; fileRef = 4C82719424127B6500937ADA /* UIView+Extensions.swift */; };
/* End PBXBuildFile section */

/* Begin PBXContainerItemProxy section */
		4C8271852412745B00937ADA /* PBXContainerItemProxy */ = {
			isa = PBXContainerItemProxy;
			containerPortal = 4C8271662412745900937ADA /* Project object */;
			proxyType = 1;
			remoteGlobalIDString = 4C82716D2412745900937ADA;
			remoteInfo = SensitiveInformation;
		};
/* End PBXContainerItemProxy section */

/* Begin PBXFileReference section */
		4C82716E2412745900937ADA /* SensitiveInformation.app */ = {isa = PBXFileReference; explicitFileType = wrapper.application; includeInIndex = 0; path = SensitiveInformation.app; sourceTree = BUILT_PRODUCTS_DIR; };
		4C8271712412745900937ADA /* AppDelegate.swift */ = {isa = PBXFileReference; lastKnownFileType = sourcecode.swift; path = AppDelegate.swift; sourceTree = "<group>"; };
		4C8271732412745900937ADA /* SceneDelegate.swift */ = {isa = PBXFileReference; lastKnownFileType = sourcecode.swift; path = SceneDelegate.swift; sourceTree = "<group>"; };
		4C8271752412745900937ADA /* ViewController.swift */ = {isa = PBXFileReference; lastKnownFileType = sourcecode.swift; path = ViewController.swift; sourceTree = "<group>"; };
		4C8271782412745900937ADA /* Base */ = {isa = PBXFileReference; lastKnownFileType = file.storyboard; name = Base; path = Base.lproj/Main.storyboard; sourceTree = "<group>"; };
		4C82717A2412745B00937ADA /* Assets.xcassets */ = {isa = PBXFileReference; lastKnownFileType = folder.assetcatalog; path = Assets.xcassets; sourceTree = "<group>"; };
		4C82717D2412745B00937ADA /* Base */ = {isa = PBXFileReference; lastKnownFileType = file.storyboard; name = Base; path = Base.lproj/LaunchScreen.storyboard; sourceTree = "<group>"; };
		4C82717F2412745B00937ADA /* Info.plist */ = {isa = PBXFileReference; lastKnownFileType = text.plist.xml; path = Info.plist; sourceTree = "<group>"; };
		4C8271842412745B00937ADA /* SensitiveInformationTests.xctest */ = {isa = PBXFileReference; explicitFileType = wrapper.cfbundle; includeInIndex = 0; path = SensitiveInformationTests.xctest; sourceTree = BUILT_PRODUCTS_DIR; };
		4C8271882412745B00937ADA /* SensitiveInformationTests.swift */ = {isa = PBXFileReference; lastKnownFileType = sourcecode.swift; path = SensitiveInformationTests.swift; sourceTree = "<group>"; };
		4C82718A2412745B00937ADA /* Info.plist */ = {isa = PBXFileReference; lastKnownFileType = text.plist.xml; path = Info.plist; sourceTree = "<group>"; };
		4C82719424127B6500937ADA /* UIView+Extensions.swift */ = {isa = PBXFileReference; lastKnownFileType = sourcecode.swift; path = "UIView+Extensions.swift"; sourceTree = "<group>"; };
/* End PBXFileReference section */

/* Begin PBXFrameworksBuildPhase section */
		4C82716B2412745900937ADA /* Frameworks */ = {
			isa = PBXFrameworksBuildPhase;
			buildActionMask = 2147483647;
			files = (
			);
			runOnlyForDeploymentPostprocessing = 0;
		};
		4C8271812412745B00937ADA /* Frameworks */ = {
			isa = PBXFrameworksBuildPhase;
			buildActionMask = 2147483647;
			files = (
			);
			runOnlyForDeploymentPostprocessing = 0;
		};
/* End PBXFrameworksBuildPhase section */

/* Begin PBXGroup section */
		4C8271652412745900937ADA = {
			isa = PBXGroup;
			children = (
				4C8271702412745900937ADA /* SensitiveInformation */,
				4C8271872412745B00937ADA /* SensitiveInformationTests */,
				4C82716F2412745900937ADA /* Products */,
			);
			sourceTree = "<group>";
		};
		4C82716F2412745900937ADA /* Products */ = {
			isa = PBXGroup;
			children = (
				4C82716E2412745900937ADA /* SensitiveInformation.app */,
				4C8271842412745B00937ADA /* SensitiveInformationTests.xctest */,
			);
			name = Products;
			sourceTree = "<group>";
		};
		4C8271702412745900937ADA /* SensitiveInformation */ = {
			isa = PBXGroup;
			children = (
				4C8271712412745900937ADA /* AppDelegate.swift */,
				4C8271732412745900937ADA /* SceneDelegate.swift */,
				4C8271752412745900937ADA /* ViewController.swift */,
				4C8271772412745900937ADA /* Main.storyboard */,
				4C82717A2412745B00937ADA /* Assets.xcassets */,
				4C82717C2412745B00937ADA /* LaunchScreen.storyboard */,
				4C82717F2412745B00937ADA /* Info.plist */,
				4C82719424127B6500937ADA /* UIView+Extensions.swift */,
			);
			path = SensitiveInformation;
			sourceTree = "<group>";
		};
		4C8271872412745B00937ADA /* SensitiveInformationTests */ = {
			isa = PBXGroup;
			children = (
				4C8271882412745B00937ADA /* SensitiveInformationTests.swift */,
				4C82718A2412745B00937ADA /* Info.plist */,
			);
			path = SensitiveInformationTests;
			sourceTree = "<group>";
		};
/* End PBXGroup section */

/* Begin PBXNativeTarget section */
		4C82716D2412745900937ADA /* SensitiveInformation */ = {
			isa = PBXNativeTarget;
			buildConfigurationList = 4C82718D2412745B00937ADA /* Build configuration list for PBXNativeTarget "SensitiveInformation" */;
			buildPhases = (
				4C82716A2412745900937ADA /* Sources */,
				4C82716B2412745900937ADA /* Frameworks */,
				4C82716C2412745900937ADA /* Resources */,
			);
			buildRules = (
			);
			dependencies = (
			);
			name = SensitiveInformation;
			productName = SensitiveInformation;
			productReference = 4C82716E2412745900937ADA /* SensitiveInformation.app */;
			productType = "com.apple.product-type.application";
		};
		4C8271832412745B00937ADA /* SensitiveInformationTests */ = {
			isa = PBXNativeTarget;
			buildConfigurationList = 4C8271902412745B00937ADA /* Build configuration list for PBXNativeTarget "SensitiveInformationTests" */;
			buildPhases = (
				4C8271802412745B00937ADA /* Sources */,
				4C8271812412745B00937ADA /* Frameworks */,
				4C8271822412745B00937ADA /* Resources */,
			);
			buildRules = (
			);
			dependencies = (
				4C8271862412745B00937ADA /* PBXTargetDependency */,
			);
			name = SensitiveInformationTests;
			productName = SensitiveInformationTests;
			productReference = 4C8271842412745B00937ADA /* SensitiveInformationTests.xctest */;
			productType = "com.apple.product-type.bundle.unit-test";
		};
/* End PBXNativeTarget section */

/* Begin PBXProject section */
		4C8271662412745900937ADA /* Project object */ = {
			isa = PBXProject;
			attributes = {
				LastSwiftUpdateCheck = 1130;
				LastUpgradeCheck = 1130;
				ORGANIZATIONNAME = "Koçsistem";
				TargetAttributes = {
					4C82716D2412745900937ADA = {
						CreatedOnToolsVersion = 11.3.1;
					};
					4C8271832412745B00937ADA = {
						CreatedOnToolsVersion = 11.3.1;
						TestTargetID = 4C82716D2412745900937ADA;
					};
				};
			};
			buildConfigurationList = 4C8271692412745900937ADA /* Build configuration list for PBXProject "SensitiveInformation" */;
			compatibilityVersion = "Xcode 9.3";
			developmentRegion = en;
			hasScannedForEncodings = 0;
			knownRegions = (
				en,
				Base,
			);
			mainGroup = 4C8271652412745900937ADA;
			productRefGroup = 4C82716F2412745900937ADA /* Products */;
			projectDirPath = "";
			projectRoot = "";
			targets = (
				4C82716D2412745900937ADA /* SensitiveInformation */,
				4C8271832412745B00937ADA /* SensitiveInformationTests */,
			);
		};
/* End PBXProject section */

/* Begin PBXResourcesBuildPhase section */
		4C82716C2412745900937ADA /* Resources */ = {
			isa = PBXResourcesBuildPhase;
			buildActionMask = 2147483647;
			files = (
				4C82717E2412745B00937ADA /* LaunchScreen.storyboard in Resources */,
				4C82717B2412745B00937ADA /* Assets.xcassets in Resources */,
				4C8271792412745900937ADA /* Main.storyboard in Resources */,
			);
			runOnlyForDeploymentPostprocessing = 0;
		};
		4C8271822412745B00937ADA /* Resources */ = {
			isa = PBXResourcesBuildPhase;
			buildActionMask = 2147483647;
			files = (
			);
			runOnlyForDeploymentPostprocessing = 0;
		};
/* End PBXResourcesBuildPhase section */

/* Begin PBXSourcesBuildPhase section */
		4C82716A2412745900937ADA /* Sources */ = {
			isa = PBXSourcesBuildPhase;
			buildActionMask = 2147483647;
			files = (
				4C8271762412745900937ADA /* ViewController.swift in Sources */,
				4C8271722412745900937ADA /* AppDelegate.swift in Sources */,
				4C82719524127B6500937ADA /* UIView+Extensions.swift in Sources */,
				4C8271742412745900937ADA /* SceneDelegate.swift in Sources */,
			);
			runOnlyForDeploymentPostprocessing = 0;
		};
		4C8271802412745B00937ADA /* Sources */ = {
			isa = PBXSourcesBuildPhase;
			buildActionMask = 2147483647;
			files = (
				4C8271892412745B00937ADA /* SensitiveInformationTests.swift in Sources */,
			);
			runOnlyForDeploymentPostprocessing = 0;
		};
/* End PBXSourcesBuildPhase section */

/* Begin PBXTargetDependency section */
		4C8271862412745B00937ADA /* PBXTargetDependency */ = {
			isa = PBXTargetDependency;
			target = 4C82716D2412745900937ADA /* SensitiveInformation */;
			targetProxy = 4C8271852412745B00937ADA /* PBXContainerItemProxy */;
		};
/* End PBXTargetDependency section */

/* Begin PBXVariantGroup section */
		4C8271772412745900937ADA /* Main.storyboard */ = {
			isa = PBXVariantGroup;
			children = (
				4C8271782412745900937ADA /* Base */,
			);
			name = Main.storyboard;
			sourceTree = "<group>";
		};
		4C82717C2412745B00937ADA /* LaunchScreen.storyboard */ = {
			isa = PBXVariantGroup;
			children = (
				4C82717D2412745B00937ADA /* Base */,
			);
			name = LaunchScreen.storyboard;
			sourceTree = "<group>";
		};
/* End PBXVariantGroup section */

/* Begin XCBuildConfiguration section */
		4C82718B2412745B00937ADA /* Debug */ = {
			isa = XCBuildConfiguration;
			buildSettings = {
				ALWAYS_SEARCH_USER_PATHS = NO;
				CLANG_ANALYZER_NONNULL = YES;
				CLANG_ANALYZER_NUMBER_OBJECT_CONVERSION = YES_AGGRESSIVE;
				CLANG_CXX_LANGUAGE_STANDARD = "gnu++14";
				CLANG_CXX_LIBRARY = "libc++";
				CLANG_ENABLE_MODULES = YES;
				CLANG_ENABLE_OBJC_ARC = YES;
				CLANG_ENABLE_OBJC_WEAK = YES;
				CLANG_WARN_BLOCK_CAPTURE_AUTORELEASING = YES;
				CLANG_WARN_BOOL_CONVERSION = YES;
				CLANG_WARN_COMMA = YES;
				CLANG_WARN_CONSTANT_CONVERSION = YES;
				CLANG_WARN_DEPRECATED_OBJC_IMPLEMENTATIONS = YES;
				CLANG_WARN_DIRECT_OBJC_ISA_USAGE = YES_ERROR;
				CLANG_WARN_DOCUMENTATION_COMMENTS = YES;
				CLANG_WARN_EMPTY_BODY = YES;
				CLANG_WARN_ENUM_CONVERSION = YES;
				CLANG_WARN_INFINITE_RECURSION = YES;
				CLANG_WARN_INT_CONVERSION = YES;
				CLANG_WARN_NON_LITERAL_NULL_CONVERSION = YES;
				CLANG_WARN_OBJC_IMPLICIT_RETAIN_SELF = YES;
				CLANG_WARN_OBJC_LITERAL_CONVERSION = YES;
				CLANG_WARN_OBJC_ROOT_CLASS = YES_ERROR;
				CLANG_WARN_RANGE_LOOP_ANALYSIS = YES;
				CLANG_WARN_STRICT_PROTOTYPES = YES;
				CLANG_WARN_SUSPICIOUS_MOVE = YES;
				CLANG_WARN_UNGUARDED_AVAILABILITY = YES_AGGRESSIVE;
				CLANG_WARN_UNREACHABLE_CODE = YES;
				CLANG_WARN__DUPLICATE_METHOD_MATCH = YES;
				COPY_PHASE_STRIP = NO;
				DEBUG_INFORMATION_FORMAT = dwarf;
				ENABLE_STRICT_OBJC_MSGSEND = YES;
				ENABLE_TESTABILITY = YES;
				GCC_C_LANGUAGE_STANDARD = gnu11;
				GCC_DYNAMIC_NO_PIC = NO;
				GCC_NO_COMMON_BLOCKS = YES;
				GCC_OPTIMIZATION_LEVEL = 0;
				GCC_PREPROCESSOR_DEFINITIONS = (
					"DEBUG=1",
					"$(inherited)",
				);
				GCC_WARN_64_TO_32_BIT_CONVERSION = YES;
				GCC_WARN_ABOUT_RETURN_TYPE = YES_ERROR;
				GCC_WARN_UNDECLARED_SELECTOR = YES;
				GCC_WARN_UNINITIALIZED_AUTOS = YES_AGGRESSIVE;
				GCC_WARN_UNUSED_FUNCTION = YES;
				GCC_WARN_UNUSED_VARIABLE = YES;
				IPHONEOS_DEPLOYMENT_TARGET = 13.2;
				MTL_ENABLE_DEBUG_INFO = INCLUDE_SOURCE;
				MTL_FAST_MATH = YES;
				ONLY_ACTIVE_ARCH = YES;
				SDKROOT = iphoneos;
				SWIFT_ACTIVE_COMPILATION_CONDITIONS = DEBUG;
				SWIFT_OPTIMIZATION_LEVEL = "-Onone";
			};
			name = Debug;
		};
		4C82718C2412745B00937ADA /* Release */ = {
			isa = XCBuildConfiguration;
			buildSettings = {
				ALWAYS_SEARCH_USER_PATHS = NO;
				CLANG_ANALYZER_NONNULL = YES;
				CLANG_ANALYZER_NUMBER_OBJECT_CONVERSION = YES_AGGRESSIVE;
				CLANG_CXX_LANGUAGE_STANDARD = "gnu++14";
				CLANG_CXX_LIBRARY = "libc++";
				CLANG_ENABLE_MODULES = YES;
				CLANG_ENABLE_OBJC_ARC = YES;
				CLANG_ENABLE_OBJC_WEAK = YES;
				CLANG_WARN_BLOCK_CAPTURE_AUTORELEASING = YES;
				CLANG_WARN_BOOL_CONVERSION = YES;
				CLANG_WARN_COMMA = YES;
				CLANG_WARN_CONSTANT_CONVERSION = YES;
				CLANG_WARN_DEPRECATED_OBJC_IMPLEMENTATIONS = YES;
				CLANG_WARN_DIRECT_OBJC_ISA_USAGE = YES_ERROR;
				CLANG_WARN_DOCUMENTATION_COMMENTS = YES;
				CLANG_WARN_EMPTY_BODY = YES;
				CLANG_WARN_ENUM_CONVERSION = YES;
				CLANG_WARN_INFINITE_RECURSION = YES;
				CLANG_WARN_INT_CONVERSION = YES;
				CLANG_WARN_NON_LITERAL_NULL_CONVERSION = YES;
				CLANG_WARN_OBJC_IMPLICIT_RETAIN_SELF = YES;
				CLANG_WARN_OBJC_LITERAL_CONVERSION = YES;
				CLANG_WARN_OBJC_ROOT_CLASS = YES_ERROR;
				CLANG_WARN_RANGE_LOOP_ANALYSIS = YES;
				CLANG_WARN_STRICT_PROTOTYPES = YES;
				CLANG_WARN_SUSPICIOUS_MOVE = YES;
				CLANG_WARN_UNGUARDED_AVAILABILITY = YES_AGGRESSIVE;
				CLANG_WARN_UNREACHABLE_CODE = YES;
				CLANG_WARN__DUPLICATE_METHOD_MATCH = YES;
				COPY_PHASE_STRIP = NO;
				DEBUG_INFORMATION_FORMAT = "dwarf-with-dsym";
				ENABLE_NS_ASSERTIONS = NO;
				ENABLE_STRICT_OBJC_MSGSEND = YES;
				GCC_C_LANGUAGE_STANDARD = gnu11;
				GCC_NO_COMMON_BLOCKS = YES;
				GCC_WARN_64_TO_32_BIT_CONVERSION = YES;
				GCC_WARN_ABOUT_RETURN_TYPE = YES_ERROR;
				GCC_WARN_UNDECLARED_SELECTOR = YES;
				GCC_WARN_UNINITIALIZED_AUTOS = YES_AGGRESSIVE;
				GCC_WARN_UNUSED_FUNCTION = YES;
				GCC_WARN_UNUSED_VARIABLE = YES;
				IPHONEOS_DEPLOYMENT_TARGET = 13.2;
				MTL_ENABLE_DEBUG_INFO = NO;
				MTL_FAST_MATH = YES;
				SDKROOT = iphoneos;
				SWIFT_COMPILATION_MODE = wholemodule;
				SWIFT_OPTIMIZATION_LEVEL = "-O";
				VALIDATE_PRODUCT = YES;
			};
			name = Release;
		};
		4C82718E2412745B00937ADA /* Debug */ = {
			isa = XCBuildConfiguration;
			buildSettings = {
				ASSETCATALOG_COMPILER_APPICON_NAME = AppIcon;
				CODE_SIGN_STYLE = Automatic;
				DEVELOPMENT_TEAM = 727R4AQDW9;
				INFOPLIST_FILE = SensitiveInformation/Info.plist;
				LD_RUNPATH_SEARCH_PATHS = (
					"$(inherited)",
					"@executable_path/Frameworks",
				);
				PRODUCT_BUNDLE_IDENTIFIER = com.kocsistem.sensistiveinfo;
				PRODUCT_NAME = "$(TARGET_NAME)";
				SWIFT_VERSION = 5.0;
				TARGETED_DEVICE_FAMILY = "1,2";
			};
			name = Debug;
		};
		4C82718F2412745B00937ADA /* Release */ = {
			isa = XCBuildConfiguration;
			buildSettings = {
				ASSETCATALOG_COMPILER_APPICON_NAME = AppIcon;
				CODE_SIGN_STYLE = Automatic;
				DEVELOPMENT_TEAM = 727R4AQDW9;
				INFOPLIST_FILE = SensitiveInformation/Info.plist;
				LD_RUNPATH_SEARCH_PATHS = (
					"$(inherited)",
					"@executable_path/Frameworks",
				);
				PRODUCT_BUNDLE_IDENTIFIER = com.kocsistem.sensistiveinfo;
				PRODUCT_NAME = "$(TARGET_NAME)";
				SWIFT_VERSION = 5.0;
				TARGETED_DEVICE_FAMILY = "1,2";
			};
			name = Release;
		};
		4C8271912412745B00937ADA /* Debug */ = {
			isa = XCBuildConfiguration;
			buildSettings = {
				ALWAYS_EMBED_SWIFT_STANDARD_LIBRARIES = YES;
				BUNDLE_LOADER = "$(TEST_HOST)";
				CODE_SIGN_STYLE = Automatic;
				DEVELOPMENT_TEAM = 727R4AQDW9;
				INFOPLIST_FILE = SensitiveInformationTests/Info.plist;
				IPHONEOS_DEPLOYMENT_TARGET = 13.2;
				LD_RUNPATH_SEARCH_PATHS = (
					"$(inherited)",
					"@executable_path/Frameworks",
					"@loader_path/Frameworks",
				);
				PRODUCT_BUNDLE_IDENTIFIER = com.kocsistem.sensistiveinfo.SensitiveInformationTests;
				PRODUCT_NAME = "$(TARGET_NAME)";
				SWIFT_VERSION = 5.0;
				TARGETED_DEVICE_FAMILY = "1,2";
				TEST_HOST = "$(BUILT_PRODUCTS_DIR)/SensitiveInformation.app/SensitiveInformation";
			};
			name = Debug;
		};
		4C8271922412745B00937ADA /* Release */ = {
			isa = XCBuildConfiguration;
			buildSettings = {
				ALWAYS_EMBED_SWIFT_STANDARD_LIBRARIES = YES;
				BUNDLE_LOADER = "$(TEST_HOST)";
				CODE_SIGN_STYLE = Automatic;
				DEVELOPMENT_TEAM = 727R4AQDW9;
				INFOPLIST_FILE = SensitiveInformationTests/Info.plist;
				IPHONEOS_DEPLOYMENT_TARGET = 13.2;
				LD_RUNPATH_SEARCH_PATHS = (
					"$(inherited)",
					"@executable_path/Frameworks",
					"@loader_path/Frameworks",
				);
				PRODUCT_BUNDLE_IDENTIFIER = com.kocsistem.sensistiveinfo.SensitiveInformationTests;
				PRODUCT_NAME = "$(TARGET_NAME)";
				SWIFT_VERSION = 5.0;
				TARGETED_DEVICE_FAMILY = "1,2";
				TEST_HOST = "$(BUILT_PRODUCTS_DIR)/SensitiveInformation.app/SensitiveInformation";
			};
			name = Release;
		};
/* End XCBuildConfiguration section */

/* Begin XCConfigurationList section */
		4C8271692412745900937ADA /* Build configuration list for PBXProject "SensitiveInformation" */ = {
			isa = XCConfigurationList;
			buildConfigurations = (
				4C82718B2412745B00937ADA /* Debug */,
				4C82718C2412745B00937ADA /* Release */,
			);
			defaultConfigurationIsVisible = 0;
			defaultConfigurationName = Release;
		};
		4C82718D2412745B00937ADA /* Build configuration list for PBXNativeTarget "SensitiveInformation" */ = {
			isa = XCConfigurationList;
			buildConfigurations = (
				4C82718E2412745B00937ADA /* Debug */,
				4C82718F2412745B00937ADA /* Release */,
			);
			defaultConfigurationIsVisible = 0;
			defaultConfigurationName = Release;
		};
		4C8271902412745B00937ADA /* Build configuration list for PBXNativeTarget "SensitiveInformationTests" */ = {
			isa = XCConfigurationList;
			buildConfigurations = (
				4C8271912412745B00937ADA /* Debug */,
				4C8271922412745B00937ADA /* Release */,
			);
			defaultConfigurationIsVisible = 0;
			defaultConfigurationName = Release;
		};
/* End XCConfigurationList section */
	};
	rootObject = 4C8271662412745900937ADA /* Project object */;
}
